# THIS IS AN AUTOGENERATED FILE. DO NOT EDIT THIS FILE DIRECTLY.
# yarn lockfile v1


timeago-react@^3.0.2:
  version "3.0.2"
  resolved "https://registry.yarnpkg.com/timeago-react/-/timeago-react-3.0.2.tgz#1bd8b86c37c93bcd6a4340fea340e6c9c2bdd4e0"
  integrity sha512-K+NqoRcE13xv7lrmHtZmy7G+yXF8ZxmuwRK/EGKyT1chpI3zmV6YnB5o9+slnOCq1dXuQJknr/hWjINyP7C9LA==
  dependencies:
    timeago.js "^4.0.0"

timeago.js@^4.0.0:
  version "4.0.2"
  resolved "https://registry.yarnpkg.com/timeago.js/-/timeago.js-4.0.2.tgz#724e8c8833e3490676c7bb0a75f5daf20e558028"
  integrity sha512-a7wPxPdVlQL7lqvitHGGRsofhdwtkoSXPGATFuSOA2i1ZNQEPLrGnj68vOp2sOJTCFAQVXPeNMX/GctBaO9L2w==
